
Microsoft Visual Studio Solution File, Format Version 12.00
# Visual Studio 15
VisualStudioVersion = 15.0.26206.0
MinimumVisualStudioVersion = 10.0.40219.1
Project("{2150E333-8FDC-42A3-9474-1A3956D46DE8}") = "src", "src", "{ECEB36A1-8300-4DDF-B6E0-66635E21D2C7}"
EndProject
Project("{9A19103F-16F7-4668-BE54-9A1E7A4F7556}") = "Orion.Extensions.Logging", "src\Orion.Extensions.Logging\Orion.Extensions.Logging.csproj", "{0DDD936F-4717-4FD9-928F-08B1DFA5D450}"
EndProject
Project("{9A19103F-16F7-4668-BE54-9A1E7A4F7556}") = "Orion.Extensions.Logging.AppInsights", "src\Orion.Extensions.Logging.AppInsights\Orion.Extensions.Logging.AppInsights.csproj", "{E3D55171-0DCB-444B-96D2-107CED1DD0C2}"
EndProject
Global
	GlobalSection(SolutionConfigurationPlatforms) = preSolution
		Debug|Any CPU = Debug|Any CPU
		Debug|x64 = Debug|x64
		Debug|x86 = Debug|x86
		Release|Any CPU = Release|Any CPU
		Release|x64 = Release|x64
		Release|x86 = Release|x86
	EndGlobalSection
	GlobalSection(ProjectConfigurationPlatforms) = postSolution
		{0DDD936F-4717-4FD9-928F-08B1DFA5D450}.Debug|Any CPU.ActiveCfg = Debug|Any CPU
		{0DDD936F-4717-4FD9-928F-08B1DFA5D450}.Debug|Any CPU.Build.0 = Debug|Any CPU
		{0DDD936F-4717-4FD9-928F-08B1DFA5D450}.Debug|x64.ActiveCfg = Debug|x64
		{0DDD936F-4717-4FD9-928F-08B1DFA5D450}.Debug|x64.Build.0 = Debug|x64
		{0DDD936F-4717-4FD9-928F-08B1DFA5D450}.Debug|x86.ActiveCfg = Debug|x86
		{0DDD936F-4717-4FD9-928F-08B1DFA5D450}.Debug|x86.Build.0 = Debug|x86
		{0DDD936F-4717-4FD9-928F-08B1DFA5D450}.Release|Any CPU.ActiveCfg = Release|Any CPU
		{0DDD936F-4717-4FD9-928F-08B1DFA5D450}.Release|Any CPU.Build.0 = Release|Any CPU
		{0DDD936F-4717-4FD9-928F-08B1DFA5D450}.Release|x64.ActiveCfg = Release|x64
		{0DDD936F-4717-4FD9-928F-08B1DFA5D450}.Release|x64.Build.0 = Release|x64
		{0DDD936F-4717-4FD9-928F-08B1DFA5D450}.Release|x86.ActiveCfg = Release|x86
		{0DDD936F-4717-4FD9-928F-08B1DFA5D450}.Release|x86.Build.0 = Release|x86
		{E3D55171-0DCB-444B-96D2-107CED1DD0C2}.Debug|Any CPU.ActiveCfg = Debug|Any CPU
		{E3D55171-0DCB-444B-96D2-107CED1DD0C2}.Debug|Any CPU.Build.0 = Debug|Any CPU
		{E3D55171-0DCB-444B-96D2-107CED1DD0C2}.Debug|x64.ActiveCfg = Debug|x64
		{E3D55171-0DCB-444B-96D2-107CED1DD0C2}.Debug|x64.Build.0 = Debug|x64
		{E3D55171-0DCB-444B-96D2-107CED1DD0C2}.Debug|x86.ActiveCfg = Debug|x86
		{E3D55171-0DCB-444B-96D2-107CED1DD0C2}.Debug|x86.Build.0 = Debug|x86
		{E3D55171-0DCB-444B-96D2-107CED1DD0C2}.Release|Any CPU.ActiveCfg = Release|Any CPU
		{E3D55171-0DCB-444B-96D2-107CED1DD0C2}.Release|Any CPU.Build.0 = Release|Any CPU
		{E3D55171-0DCB-444B-96D2-107CED1DD0C2}.Release|x64.ActiveCfg = Release|x64
		{E3D55171-0DCB-444B-96D2-107CED1DD0C2}.Release|x64.Build.0 = Release|x64
		{E3D55171-0DCB-444B-96D2-107CED1DD0C2}.Release|x86.ActiveCfg = Release|x86
		{E3D55171-0DCB-444B-96D2-107CED1DD0C2}.Release|x86.Build.0 = Release|x86
	EndGlobalSection
	GlobalSection(SolutionProperties) = preSolution
		HideSolutionNode = FALSE
	EndGlobalSection
	GlobalSection(NestedProjects) = preSolution
		{0DDD936F-4717-4FD9-928F-08B1DFA5D450} = {ECEB36A1-8300-4DDF-B6E0-66635E21D2C7}
		{E3D55171-0DCB-444B-96D2-107CED1DD0C2} = {ECEB36A1-8300-4DDF-B6E0-66635E21D2C7}
	EndGlobalSection
EndGlobal
